
Microsoft Visual Studio Solution File, Format Version 12.00
# Visual Studio 14
VisualStudioVersion = 14.0.25420.1
MinimumVisualStudioVersion = 10.0.40219.1
Project("{FAE04EC0-301F-11D3-BF4B-00C04F79EFBC}") = "Anntgc00492University.Web", "anntgc00492University.Web\Anntgc00492University.Web.csproj", "{4C301950-97F6-4EB6-B7F6-B6C284D164B0}"
EndProject
Project("{FAE04EC0-301F-11D3-BF4B-00C04F79EFBC}") = "Anntgc00492University.Model", "Anntgc00492University.Model\Anntgc00492University.Model.csproj", "{EC48C4A2-ACEC-4961-943F-A399A6FC466D}"
EndProject
Project("{FAE04EC0-301F-11D3-BF4B-00C04F79EFBC}") = "Anntgc00492University.Data", "Anntgc00492University.Data\Anntgc00492University.Data.csproj", "{B3925A61-3E18-4D1D-863A-D01C275206E9}"
EndProject
Project("{FAE04EC0-301F-11D3-BF4B-00C04F79EFBC}") = "Anntgc00492University.Service", "Anntgc00492University.Service\Anntgc00492University.Service.csproj", "{4D4137D5-C23C-46EC-8DDF-98062B70851D}"
EndProject
Project("{FAE04EC0-301F-11D3-BF4B-00C04F79EFBC}") = "Anntgc00492University.UnitTest", "Anntgc00492University.UnitTest\Anntgc00492University.UnitTest.csproj", "{1EB15703-CE65-4D9A-A516-2E6B56B5D411}"
EndProject
Global
	GlobalSection(SolutionConfigurationPlatforms) = preSolution
		Debug|Any CPU = Debug|Any CPU
		Release|Any CPU = Release|Any CPU
	EndGlobalSection
	GlobalSection(ProjectConfigurationPlatforms) = postSolution
		{4C301950-97F6-4EB6-B7F6-B6C284D164B0}.Debug|Any CPU.ActiveCfg = Debug|Any CPU
		{4C301950-97F6-4EB6-B7F6-B6C284D164B0}.Debug|Any CPU.Build.0 = Debug|Any CPU
		{4C301950-97F6-4EB6-B7F6-B6C284D164B0}.Release|Any CPU.ActiveCfg = Release|Any CPU
		{4C301950-97F6-4EB6-B7F6-B6C284D164B0}.Release|Any CPU.Build.0 = Release|Any CPU
		{EC48C4A2-ACEC-4961-943F-A399A6FC466D}.Debug|Any CPU.ActiveCfg = Debug|Any CPU
		{EC48C4A2-ACEC-4961-943F-A399A6FC466D}.Debug|Any CPU.Build.0 = Debug|Any CPU
		{EC48C4A2-ACEC-4961-943F-A399A6FC466D}.Release|Any CPU.ActiveCfg = Release|Any CPU
		{EC48C4A2-ACEC-4961-943F-A399A6FC466D}.Release|Any CPU.Build.0 = Release|Any CPU
		{B3925A61-3E18-4D1D-863A-D01C275206E9}.Debug|Any CPU.ActiveCfg = Debug|Any CPU
		{B3925A61-3E18-4D1D-863A-D01C275206E9}.Debug|Any CPU.Build.0 = Debug|Any CPU
		{B3925A61-3E18-4D1D-863A-D01C275206E9}.Release|Any CPU.ActiveCfg = Release|Any CPU
		{B3925A61-3E18-4D1D-863A-D01C275206E9}.Release|Any CPU.Build.0 = Release|Any CPU
		{4D4137D5-C23C-46EC-8DDF-98062B70851D}.Debug|Any CPU.ActiveCfg = Debug|Any CPU
		{4D4137D5-C23C-46EC-8DDF-98062B70851D}.Debug|Any CPU.Build.0 = Debug|Any CPU
		{4D4137D5-C23C-46EC-8DDF-98062B70851D}.Release|Any CPU.ActiveCfg = Release|Any CPU
		{4D4137D5-C23C-46EC-8DDF-98062B70851D}.Release|Any CPU.Build.0 = Release|Any CPU
		{1EB15703-CE65-4D9A-A516-2E6B56B5D411}.Debug|Any CPU.ActiveCfg = Debug|Any CPU
		{1EB15703-CE65-4D9A-A516-2E6B56B5D411}.Debug|Any CPU.Build.0 = Debug|Any CPU
		{1EB15703-CE65-4D9A-A516-2E6B56B5D411}.Release|Any CPU.ActiveCfg = Release|Any CPU
		{1EB15703-CE65-4D9A-A516-2E6B56B5D411}.Release|Any CPU.Build.0 = Release|Any CPU
	EndGlobalSection
	GlobalSection(SolutionProperties) = preSolution
		HideSolutionNode = FALSE
	EndGlobalSection
EndGlobal
